<Solution>
  <Folder Name="/src/">
    <Project Path="src/AudioQualityAnalyzer.Analysis/AudioQualityAnalyzer.Analysis.csproj" />
    <Project Path="src/AudioQualityAnalyzer.Audio/AudioQualityAnalyzer.Audio.csproj" />
    <Project Path="src/AudioQualityAnalyzer.Cli/AudioQualityAnalyzer.Cli.csproj" />
    <Project Path="src/AudioQualityAnalyzer.Core/AudioQualityAnalyzer.Core.csproj" />
    <Project Path="src/AudioQualityAnalyzer.Reporting/AudioQualityAnalyzer.Reporting.csproj" />
  </Folder>
  <Folder Name="/tests/">
    <Project Path="tests/AudioQualityAnalyzer.Tests/AudioQualityAnalyzer.Tests.csproj" />
  </Folder>
</Solution>
