<Solution>
  <Folder Name="/src/">
    <Project Path="src/Spectra.Analysis/Spectra.Analysis.csproj" />
    <Project Path="src/Spectra.Audio/Spectra.Audio.csproj" />
    <Project Path="src/Spectra.Cli/Spectra.Cli.csproj" />
    <Project Path="src/Spectra.Core/Spectra.Core.csproj" />
    <Project Path="src/Spectra.Reporting/Spectra.Reporting.csproj" />
  </Folder>
  <Folder Name="/tests/">
    <Project Path="tests/Spectra.Tests/Spectra.Tests.csproj" />
  </Folder>
</Solution>
